
Microsoft Visual Studio Solution File, Format Version 12.00
# Visual Studio Version 17
VisualStudioVersion = 17.2.32630.192
MinimumVisualStudioVersion = 10.0.40219.1
Project("{FAE04EC0-301F-11D3-BF4B-00C04F79EFBC}") = "LAMsg", "LAMsg\LAMsg.csproj", "{577FE2FD-4F14-453F-896E-C61C311B783F}"
EndProject
Global
	GlobalSection(SolutionConfigurationPlatforms) = preSolution
		Debug|Any CPU = Debug|Any CPU
		Release|Any CPU = Release|Any CPU
	EndGlobalSection
	GlobalSection(ProjectConfigurationPlatforms) = postSolution
		{577FE2FD-4F14-453F-896E-C61C311B783F}.Debug|Any CPU.ActiveCfg = Debug|Any CPU
		{577FE2FD-4F14-453F-896E-C61C311B783F}.Debug|Any CPU.Build.0 = Debug|Any CPU
		{577FE2FD-4F14-453F-896E-C61C311B783F}.Release|Any CPU.ActiveCfg = Release|Any CPU
		{577FE2FD-4F14-453F-896E-C61C311B783F}.Release|Any CPU.Build.0 = Release|Any CPU
	EndGlobalSection
	GlobalSection(SolutionProperties) = preSolution
		HideSolutionNode = FALSE
	EndGlobalSection
	GlobalSection(ExtensibilityGlobals) = postSolution
		SolutionGuid = {1E950B32-A2F4-4AB4-8FA6-F2363815D2AD}
	EndGlobalSection
EndGlobal
